// !$*UTF8*$!
{
	archiveVersion = 1;
	classes = {
	};
	objectVersion = 46;
	objects = {

/* Begin PBXBuildFile section */
		BB49491D1EAF535700DD8FBC /* AppDelegate.swift in Sources */ = {isa = PBXBuildFile; fileRef = BB49491C1EAF535700DD8FBC /* AppDelegate.swift */; };
		BB49491F1EAF535700DD8FBC /* ViewController.swift in Sources */ = {isa = PBXBuildFile; fileRef = BB49491E1EAF535700DD8FBC /* ViewController.swift */; };
		BB4949221EAF535700DD8FBC /* Main.storyboard in Resources */ = {isa = PBXBuildFile; fileRef = BB4949201EAF535700DD8FBC /* Main.storyboard */; };
		BB4949241EAF535700DD8FBC /* Assets.xcassets in Resources */ = {isa = PBXBuildFile; fileRef = BB4949231EAF535700DD8FBC /* Assets.xcassets */; };
		BB4949271EAF535700DD8FBC /* LaunchScreen.storyboard in Resources */ = {isa = PBXBuildFile; fileRef = BB4949251EAF535700DD8FBC /* LaunchScreen.storyboard */; };
/* End PBXBuildFile section */

/* Begin PBXFileReference section */
		BB4949191EAF535700DD8FBC /* UserDefaultsAssignment.app */ = {isa = PBXFileReference; explicitFileType = wrapper.application; includeInIndex = 0; path = UserDefaultsAssignment.app; sourceTree = BUILT_PRODUCTS_DIR; };
		BB49491C1EAF535700DD8FBC /* AppDelegate.swift */ = {isa = PBXFileReference; lastKnownFileType = sourcecode.swift; path = AppDelegate.swift; sourceTree = "<group>"; };
		BB49491E1EAF535700DD8FBC /* ViewController.swift */ = {isa = PBXFileReference; lastKnownFileType = sourcecode.swift; path = ViewController.swift; sourceTree = "<group>"; };
		BB4949211EAF535700DD8FBC /* Base */ = {isa = PBXFileReference; lastKnownFileType = file.storyboard; name = Base; path = Base.lproj/Main.storyboard; sourceTree = "<group>"; };
		BB4949231EAF535700DD8FBC /* Assets.xcassets */ = {isa = PBXFileReference; lastKnownFileType = folder.assetcatalog; path = Assets.xcassets; sourceTree = "<group>"; };
		BB4949261EAF535700DD8FBC /* Base */ = {isa = PBXFileReference; lastKnownFileType = file.storyboard; name = Base; path = Base.lproj/LaunchScreen.storyboard; sourceTree = "<group>"; };
		BB4949281EAF535700DD8FBC /* Info.plist */ = {isa = PBXFileReference; lastKnownFileType = text.plist.xml; path = Info.plist; sourceTree = "<group>"; };
/* End PBXFileReference section */

/* Begin PBXFrameworksBuildPhase section */
		BB4949161EAF535700DD8FBC /* Frameworks */ = {
			isa = PBXFrameworksBuildPhase;
			buildActionMask = 2147483647;
			files = (
			);
			runOnlyForDeploymentPostprocessing = 0;
		};
/* End PBXFrameworksBuildPhase section */

/* Begin PBXGroup section */
		BB4949101EAF535700DD8FBC = {
			isa = PBXGroup;
			children = (
				BB49491B1EAF535700DD8FBC /* UserDefaultsAssignment */,
				BB49491A1EAF535700DD8FBC /* Products */,
			);
			sourceTree = "<group>";
		};
		BB49491A1EAF535700DD8FBC /* Products */ = {
			isa = PBXGroup;
			children = (
				BB4949191EAF535700DD8FBC /* UserDefaultsAssignment.app */,
			);
			name = Products;
			sourceTree = "<group>";
		};
		BB49491B1EAF535700DD8FBC /* UserDefaultsAssignment */ = {
			isa = PBXGroup;
			children = (
				BB49491C1EAF535700DD8FBC /* AppDelegate.swift */,
				BB49491E1EAF535700DD8FBC /* ViewController.swift */,
				BB4949201EAF535700DD8FBC /* Main.storyboard */,
				BB4949231EAF535700DD8FBC /* Assets.xcassets */,
				BB4949251EAF535700DD8FBC /* LaunchScreen.storyboard */,
				BB4949281EAF535700DD8FBC /* Info.plist */,
			);
			path = UserDefaultsAssignment;
			sourceTree = "<group>";
		};
/* End PBXGroup section */

/* Begin PBXNativeTarget section */
		BB4949181EAF535700DD8FBC /* UserDefaultsAssignment */ = {
			isa = PBXNativeTarget;
			buildConfigurationList = BB49492B1EAF535700DD8FBC /* Build configuration list for PBXNativeTarget "UserDefaultsAssignment" */;
			buildPhases = (
				BB4949151EAF535700DD8FBC /* Sources */,
				BB4949161EAF535700DD8FBC /* Frameworks */,
				BB4949171EAF535700DD8FBC /* Resources */,
			);
			buildRules = (
			);
			dependencies = (
			);
			name = UserDefaultsAssignment;
			productName = UserDefaultsAssignment;
			productReference = BB4949191EAF535700DD8FBC /* UserDefaultsAssignment.app */;
			productType = "com.apple.product-type.application";
		};
/* End PBXNativeTarget section */

/* Begin PBXProject section */
		BB4949111EAF535700DD8FBC /* Project object */ = {
			isa = PBXProject;
			attributes = {
				LastSwiftUpdateCheck = 0830;
				LastUpgradeCheck = 0830;
				ORGANIZATIONNAME = "Brian Chun";
				TargetAttributes = {
					BB4949181EAF535700DD8FBC = {
						CreatedOnToolsVersion = 8.3.2;
						ProvisioningStyle = Automatic;
					};
				};
			};
			buildConfigurationList = BB4949141EAF535700DD8FBC /* Build configuration list for PBXProject "UserDefaultsAssignment" */;
			compatibilityVersion = "Xcode 3.2";
			developmentRegion = English;
			hasScannedForEncodings = 0;
			knownRegions = (
				en,
				Base,
			);
			mainGroup = BB4949101EAF535700DD8FBC;
			productRefGroup = BB49491A1EAF535700DD8FBC /* Products */;
			projectDirPath = "";
			projectRoot = "";
			targets = (
				BB4949181EAF535700DD8FBC /* UserDefaultsAssignment */,
			);
		};
/* End PBXProject section */

/* Begin PBXResourcesBuildPhase section */
		BB4949171EAF535700DD8FBC /* Resources */ = {
			isa = PBXResourcesBuildPhase;
			buildActionMask = 2147483647;
			files = (
				BB4949271EAF535700DD8FBC /* LaunchScreen.storyboard in Resources */,
				BB4949241EAF535700DD8FBC /* Assets.xcassets in Resources */,
				BB4949221EAF535700DD8FBC /* Main.storyboard in Resources */,
			);
			runOnlyForDeploymentPostprocessing = 0;
		};
/* End PBXResourcesBuildPhase section */

/* Begin PBXSourcesBuildPhase section */
		BB4949151EAF535700DD8FBC /* Sources */ = {
			isa = PBXSourcesBuildPhase;
			buildActionMask = 2147483647;
			files = (
				BB49491F1EAF535700DD8FBC /* ViewController.swift in Sources */,
				BB49491D1EAF535700DD8FBC /* AppDelegate.swift in Sources */,
			);
			runOnlyForDeploymentPostprocessing = 0;
		};
/* End PBXSourcesBuildPhase section */

/* Begin PBXVariantGroup section */
		BB4949201EAF535700DD8FBC /* Main.storyboard */ = {
			isa = PBXVariantGroup;
			children = (
				BB4949211EAF535700DD8FBC /* Base */,
			);
			name = Main.storyboard;
			sourceTree = "<group>";
		};
		BB4949251EAF535700DD8FBC /* LaunchScreen.storyboard */ = {
			isa = PBXVariantGroup;
			children = (
				BB4949261EAF535700DD8FBC /* Base */,
			);
			name = LaunchScreen.storyboard;
			sourceTree = "<group>";
		};
/* End PBXVariantGroup section */

/* Begin XCBuildConfiguration section */
		BB4949291EAF535700DD8FBC /* Debug */ = {
			isa = XCBuildConfiguration;
			buildSettings = {
				ALWAYS_SEARCH_USER_PATHS = NO;
				CLANG_ANALYZER_NONNULL = YES;
				CLANG_ANALYZER_NUMBER_OBJECT_CONVERSION = YES_AGGRESSIVE;
				CLANG_CXX_LANGUAGE_STANDARD = "gnu++0x";
				CLANG_CXX_LIBRARY = "libc++";
				CLANG_ENABLE_MODULES = YES;
				CLANG_ENABLE_OBJC_ARC = YES;
				CLANG_WARN_BOOL_CONVERSION = YES;
				CLANG_WARN_CONSTANT_CONVERSION = YES;
				CLANG_WARN_DIRECT_OBJC_ISA_USAGE = YES_ERROR;
				CLANG_WARN_DOCUMENTATION_COMMENTS = YES;
				CLANG_WARN_EMPTY_BODY = YES;
				CLANG_WARN_ENUM_CONVERSION = YES;
				CLANG_WARN_INFINITE_RECURSION = YES;
				CLANG_WARN_INT_CONVERSION = YES;
				CLANG_WARN_OBJC_ROOT_CLASS = YES_ERROR;
				CLANG_WARN_SUSPICIOUS_MOVE = YES;
				CLANG_WARN_UNREACHABLE_CODE = YES;
				CLANG_WARN__DUPLICATE_METHOD_MATCH = YES;
				"CODE_SIGN_IDENTITY[sdk=iphoneos*]" = "iPhone Developer";
				COPY_PHASE_STRIP = NO;
				DEBUG_INFORMATION_FORMAT = dwarf;
				ENABLE_STRICT_OBJC_MSGSEND = YES;
				ENABLE_TESTABILITY = YES;
				GCC_C_LANGUAGE_STANDARD = gnu99;
				GCC_DYNAMIC_NO_PIC = NO;
				GCC_NO_COMMON_BLOCKS = YES;
				GCC_OPTIMIZATION_LEVEL = 0;
				GCC_PREPROCESSOR_DEFINITIONS = (
					"DEBUG=1",
					"$(inherited)",
				);
				GCC_WARN_64_TO_32_BIT_CONVERSION = YES;
				GCC_WARN_ABOUT_RETURN_TYPE = YES_ERROR;
				GCC_WARN_UNDECLARED_SELECTOR = YES;
				GCC_WARN_UNINITIALIZED_AUTOS = YES_AGGRESSIVE;
				GCC_WARN_UNUSED_FUNCTION = YES;
				GCC_WARN_UNUSED_VARIABLE = YES;
				IPHONEOS_DEPLOYMENT_TARGET = 10.3;
				MTL_ENABLE_DEBUG_INFO = YES;
				ONLY_ACTIVE_ARCH = YES;
				SDKROOT = iphoneos;
				SWIFT_ACTIVE_COMPILATION_CONDITIONS = DEBUG;
				SWIFT_OPTIMIZATION_LEVEL = "-Onone";
				TARGETED_DEVICE_FAMILY = "1,2";
			};
			name = Debug;
		};
		BB49492A1EAF535700DD8FBC /* Release */ = {
			isa = XCBuildConfiguration;
			buildSettings = {
				ALWAYS_SEARCH_USER_PATHS = NO;
				CLANG_ANALYZER_NONNULL = YES;
				CLANG_ANALYZER_NUMBER_OBJECT_CONVERSION = YES_AGGRESSIVE;
				CLANG_CXX_LANGUAGE_STANDARD = "gnu++0x";
				CLANG_CXX_LIBRARY = "libc++";
				CLANG_ENABLE_MODULES = YES;
				CLANG_ENABLE_OBJC_ARC = YES;
				CLANG_WARN_BOOL_CONVERSION = YES;
				CLANG_WARN_CONSTANT_CONVERSION = YES;
				CLANG_WARN_DIRECT_OBJC_ISA_USAGE = YES_ERROR;
				CLANG_WARN_DOCUMENTATION_COMMENTS = YES;
				CLANG_WARN_EMPTY_BODY = YES;
				CLANG_WARN_ENUM_CONVERSION = YES;
				CLANG_WARN_INFINITE_RECURSION = YES;
				CLANG_WARN_INT_CONVERSION = YES;
				CLANG_WARN_OBJC_ROOT_CLASS = YES_ERROR;
				CLANG_WARN_SUSPICIOUS_MOVE = YES;
				CLANG_WARN_UNREACHABLE_CODE = YES;
				CLANG_WARN__DUPLICATE_METHOD_MATCH = YES;
				"CODE_SIGN_IDENTITY[sdk=iphoneos*]" = "iPhone Developer";
				COPY_PHASE_STRIP = NO;
				DEBUG_INFORMATION_FORMAT = "dwarf-with-dsym";
				ENABLE_NS_ASSERTIONS = NO;
				ENABLE_STRICT_OBJC_MSGSEND = YES;
				GCC_C_LANGUAGE_STANDARD = gnu99;
				GCC_NO_COMMON_BLOCKS = YES;
				GCC_WARN_64_TO_32_BIT_CONVERSION = YES;
				GCC_WARN_ABOUT_RETURN_TYPE = YES_ERROR;
				GCC_WARN_UNDECLARED_SELECTOR = YES;
				GCC_WARN_UNINITIALIZED_AUTOS = YES_AGGRESSIVE;
				GCC_WARN_UNUSED_FUNCTION = YES;
				GCC_WARN_UNUSED_VARIABLE = YES;
				IPHONEOS_DEPLOYMENT_TARGET = 10.3;
				MTL_ENABLE_DEBUG_INFO = NO;
				SDKROOT = iphoneos;
				SWIFT_OPTIMIZATION_LEVEL = "-Owholemodule";
				TARGETED_DEVICE_FAMILY = "1,2";
				VALIDATE_PRODUCT = YES;
			};
			name = Release;
		};
		BB49492C1EAF535700DD8FBC /* Debug */ = {
			isa = XCBuildConfiguration;
			buildSettings = {
				ASSETCATALOG_COMPILER_APPICON_NAME = AppIcon;
				INFOPLIST_FILE = UserDefaultsAssignment/Info.plist;
				LD_RUNPATH_SEARCH_PATHS = "$(inherited) @executable_path/Frameworks";
				PRODUCT_BUNDLE_IDENTIFIER = "Brian-s-New-App.UserDefaultsAssignment";
				PRODUCT_NAME = "$(TARGET_NAME)";
				SWIFT_VERSION = 3.0;
			};
			name = Debug;
		};
		BB49492D1EAF535700DD8FBC /* Release */ = {
			isa = XCBuildConfiguration;
			buildSettings = {
				ASSETCATALOG_COMPILER_APPICON_NAME = AppIcon;
				INFOPLIST_FILE = UserDefaultsAssignment/Info.plist;
				LD_RUNPATH_SEARCH_PATHS = "$(inherited) @executable_path/Frameworks";
				PRODUCT_BUNDLE_IDENTIFIER = "Brian-s-New-App.UserDefaultsAssignment";
				PRODUCT_NAME = "$(TARGET_NAME)";
				SWIFT_VERSION = 3.0;
			};
			name = Release;
		};
/* End XCBuildConfiguration section */

/* Begin XCConfigurationList section */
		BB4949141EAF535700DD8FBC /* Build configuration list for PBXProject "UserDefaultsAssignment" */ = {
			isa = XCConfigurationList;
			buildConfigurations = (
				BB4949291EAF535700DD8FBC /* Debug */,
				BB49492A1EAF535700DD8FBC /* Release */,
			);
			defaultConfigurationIsVisible = 0;
			defaultConfigurationName = Release;
		};
		BB49492B1EAF535700DD8FBC /* Build configuration list for PBXNativeTarget "UserDefaultsAssignment" */ = {
			isa = XCConfigurationList;
			buildConfigurations = (
				BB49492C1EAF535700DD8FBC /* Debug */,
				BB49492D1EAF535700DD8FBC /* Release */,
			);
			defaultConfigurationIsVisible = 0;
		};
/* End XCConfigurationList section */
	};
	rootObject = BB4949111EAF535700DD8FBC /* Project object */;
}
